// !$*UTF8*$!
{
	archiveVersion = 1;
	classes = {
	};
	objectVersion = 55;
	objects = {

/* Begin PBXBuildFile section */
		C38C10012739A7EB0063EAEA /* AppDelegate.swift in Sources */ = {isa = PBXBuildFile; fileRef = C38C10002739A7EB0063EAEA /* AppDelegate.swift */; };
		C38C10032739A7EB0063EAEA /* SceneDelegate.swift in Sources */ = {isa = PBXBuildFile; fileRef = C38C10022739A7EB0063EAEA /* SceneDelegate.swift */; };
		C38C10052739A7EB0063EAEA /* ViewController.swift in Sources */ = {isa = PBXBuildFile; fileRef = C38C10042739A7EB0063EAEA /* ViewController.swift */; };
		C38C10082739A7EB0063EAEA /* Main.storyboard in Resources */ = {isa = PBXBuildFile; fileRef = C38C10062739A7EB0063EAEA /* Main.storyboard */; };
		C38C100A2739A7ED0063EAEA /* Assets.xcassets in Resources */ = {isa = PBXBuildFile; fileRef = C38C10092739A7ED0063EAEA /* Assets.xcassets */; };
		C38C100D2739A7ED0063EAEA /* LaunchScreen.storyboard in Resources */ = {isa = PBXBuildFile; fileRef = C38C100B2739A7ED0063EAEA /* LaunchScreen.storyboard */; };
		C38C10182739A7ED0063EAEA /* gitMilkTests.swift in Sources */ = {isa = PBXBuildFile; fileRef = C38C10172739A7ED0063EAEA /* gitMilkTests.swift */; };
		C38C10222739A7ED0063EAEA /* gitMilkUITests.swift in Sources */ = {isa = PBXBuildFile; fileRef = C38C10212739A7ED0063EAEA /* gitMilkUITests.swift */; };
		C38C10242739A7ED0063EAEA /* gitMilkUITestsLaunchTests.swift in Sources */ = {isa = PBXBuildFile; fileRef = C38C10232739A7ED0063EAEA /* gitMilkUITestsLaunchTests.swift */; };
/* End PBXBuildFile section */

/* Begin PBXContainerItemProxy section */
		C38C10142739A7ED0063EAEA /* PBXContainerItemProxy */ = {
			isa = PBXContainerItemProxy;
			containerPortal = C38C0FF52739A7EB0063EAEA /* Project object */;
			proxyType = 1;
			remoteGlobalIDString = C38C0FFC2739A7EB0063EAEA;
			remoteInfo = gitMilk;
		};
		C38C101E2739A7ED0063EAEA /* PBXContainerItemProxy */ = {
			isa = PBXContainerItemProxy;
			containerPortal = C38C0FF52739A7EB0063EAEA /* Project object */;
			proxyType = 1;
			remoteGlobalIDString = C38C0FFC2739A7EB0063EAEA;
			remoteInfo = gitMilk;
		};
/* End PBXContainerItemProxy section */

/* Begin PBXFileReference section */
		C38C0FFD2739A7EB0063EAEA /* gitMilk.app */ = {isa = PBXFileReference; explicitFileType = wrapper.application; includeInIndex = 0; path = gitMilk.app; sourceTree = BUILT_PRODUCTS_DIR; };
		C38C10002739A7EB0063EAEA /* AppDelegate.swift */ = {isa = PBXFileReference; lastKnownFileType = sourcecode.swift; path = AppDelegate.swift; sourceTree = "<group>"; };
		C38C10022739A7EB0063EAEA /* SceneDelegate.swift */ = {isa = PBXFileReference; lastKnownFileType = sourcecode.swift; path = SceneDelegate.swift; sourceTree = "<group>"; };
		C38C10042739A7EB0063EAEA /* ViewController.swift */ = {isa = PBXFileReference; lastKnownFileType = sourcecode.swift; path = ViewController.swift; sourceTree = "<group>"; };
		C38C10072739A7EB0063EAEA /* Base */ = {isa = PBXFileReference; lastKnownFileType = file.storyboard; name = Base; path = Base.lproj/Main.storyboard; sourceTree = "<group>"; };
		C38C10092739A7ED0063EAEA /* Assets.xcassets */ = {isa = PBXFileReference; lastKnownFileType = folder.assetcatalog; path = Assets.xcassets; sourceTree = "<group>"; };
		C38C100C2739A7ED0063EAEA /* Base */ = {isa = PBXFileReference; lastKnownFileType = file.storyboard; name = Base; path = Base.lproj/LaunchScreen.storyboard; sourceTree = "<group>"; };
		C38C100E2739A7ED0063EAEA /* Info.plist */ = {isa = PBXFileReference; lastKnownFileType = text.plist.xml; path = Info.plist; sourceTree = "<group>"; };
		C38C10132739A7ED0063EAEA /* gitMilkTests.xctest */ = {isa = PBXFileReference; explicitFileType = wrapper.cfbundle; includeInIndex = 0; path = gitMilkTests.xctest; sourceTree = BUILT_PRODUCTS_DIR; };
		C38C10172739A7ED0063EAEA /* gitMilkTests.swift */ = {isa = PBXFileReference; lastKnownFileType = sourcecode.swift; path = gitMilkTests.swift; sourceTree = "<group>"; };
		C38C101D2739A7ED0063EAEA /* gitMilkUITests.xctest */ = {isa = PBXFileReference; explicitFileType = wrapper.cfbundle; includeInIndex = 0; path = gitMilkUITests.xctest; sourceTree = BUILT_PRODUCTS_DIR; };
		C38C10212739A7ED0063EAEA /* gitMilkUITests.swift */ = {isa = PBXFileReference; lastKnownFileType = sourcecode.swift; path = gitMilkUITests.swift; sourceTree = "<group>"; };
		C38C10232739A7ED0063EAEA /* gitMilkUITestsLaunchTests.swift */ = {isa = PBXFileReference; lastKnownFileType = sourcecode.swift; path = gitMilkUITestsLaunchTests.swift; sourceTree = "<group>"; };
/* End PBXFileReference section */

/* Begin PBXFrameworksBuildPhase section */
		C38C0FFA2739A7EB0063EAEA /* Frameworks */ = {
			isa = PBXFrameworksBuildPhase;
			buildActionMask = 2147483647;
			files = (
			);
			runOnlyForDeploymentPostprocessing = 0;
		};
		C38C10102739A7ED0063EAEA /* Frameworks */ = {
			isa = PBXFrameworksBuildPhase;
			buildActionMask = 2147483647;
			files = (
			);
			runOnlyForDeploymentPostprocessing = 0;
		};
		C38C101A2739A7ED0063EAEA /* Frameworks */ = {
			isa = PBXFrameworksBuildPhase;
			buildActionMask = 2147483647;
			files = (
			);
			runOnlyForDeploymentPostprocessing = 0;
		};
/* End PBXFrameworksBuildPhase section */

/* Begin PBXGroup section */
		C38C0FF42739A7EB0063EAEA = {
			isa = PBXGroup;
			children = (
				C38C0FFF2739A7EB0063EAEA /* gitMilk */,
				C38C10162739A7ED0063EAEA /* gitMilkTests */,
				C38C10202739A7ED0063EAEA /* gitMilkUITests */,
				C38C0FFE2739A7EB0063EAEA /* Products */,
			);
			sourceTree = "<group>";
		};
		C38C0FFE2739A7EB0063EAEA /* Products */ = {
			isa = PBXGroup;
			children = (
				C38C0FFD2739A7EB0063EAEA /* gitMilk.app */,
				C38C10132739A7ED0063EAEA /* gitMilkTests.xctest */,
				C38C101D2739A7ED0063EAEA /* gitMilkUITests.xctest */,
			);
			name = Products;
			sourceTree = "<group>";
		};
		C38C0FFF2739A7EB0063EAEA /* gitMilk */ = {
			isa = PBXGroup;
			children = (
				C38C10002739A7EB0063EAEA /* AppDelegate.swift */,
				C38C10022739A7EB0063EAEA /* SceneDelegate.swift */,
				C38C10042739A7EB0063EAEA /* ViewController.swift */,
				C38C10062739A7EB0063EAEA /* Main.storyboard */,
				C38C10092739A7ED0063EAEA /* Assets.xcassets */,
				C38C100B2739A7ED0063EAEA /* LaunchScreen.storyboard */,
				C38C100E2739A7ED0063EAEA /* Info.plist */,
			);
			path = gitMilk;
			sourceTree = "<group>";
		};
		C38C10162739A7ED0063EAEA /* gitMilkTests */ = {
			isa = PBXGroup;
			children = (
				C38C10172739A7ED0063EAEA /* gitMilkTests.swift */,
			);
			path = gitMilkTests;
			sourceTree = "<group>";
		};
		C38C10202739A7ED0063EAEA /* gitMilkUITests */ = {
			isa = PBXGroup;
			children = (
				C38C10212739A7ED0063EAEA /* gitMilkUITests.swift */,
				C38C10232739A7ED0063EAEA /* gitMilkUITestsLaunchTests.swift */,
			);
			path = gitMilkUITests;
			sourceTree = "<group>";
		};
/* End PBXGroup section */

/* Begin PBXNativeTarget section */
		C38C0FFC2739A7EB0063EAEA /* gitMilk */ = {
			isa = PBXNativeTarget;
			buildConfigurationList = C38C10272739A7ED0063EAEA /* Build configuration list for PBXNativeTarget "gitMilk" */;
			buildPhases = (
				C38C0FF92739A7EB0063EAEA /* Sources */,
				C38C0FFA2739A7EB0063EAEA /* Frameworks */,
				C38C0FFB2739A7EB0063EAEA /* Resources */,
			);
			buildRules = (
			);
			dependencies = (
			);
			name = gitMilk;
			productName = gitMilk;
			productReference = C38C0FFD2739A7EB0063EAEA /* gitMilk.app */;
			productType = "com.apple.product-type.application";
		};
		C38C10122739A7ED0063EAEA /* gitMilkTests */ = {
			isa = PBXNativeTarget;
			buildConfigurationList = C38C102A2739A7ED0063EAEA /* Build configuration list for PBXNativeTarget "gitMilkTests" */;
			buildPhases = (
				C38C100F2739A7ED0063EAEA /* Sources */,
				C38C10102739A7ED0063EAEA /* Frameworks */,
				C38C10112739A7ED0063EAEA /* Resources */,
			);
			buildRules = (
			);
			dependencies = (
				C38C10152739A7ED0063EAEA /* PBXTargetDependency */,
			);
			name = gitMilkTests;
			productName = gitMilkTests;
			productReference = C38C10132739A7ED0063EAEA /* gitMilkTests.xctest */;
			productType = "com.apple.product-type.bundle.unit-test";
		};
		C38C101C2739A7ED0063EAEA /* gitMilkUITests */ = {
			isa = PBXNativeTarget;
			buildConfigurationList = C38C102D2739A7ED0063EAEA /* Build configuration list for PBXNativeTarget "gitMilkUITests" */;
			buildPhases = (
				C38C10192739A7ED0063EAEA /* Sources */,
				C38C101A2739A7ED0063EAEA /* Frameworks */,
				C38C101B2739A7ED0063EAEA /* Resources */,
			);
			buildRules = (
			);
			dependencies = (
				C38C101F2739A7ED0063EAEA /* PBXTargetDependency */,
			);
			name = gitMilkUITests;
			productName = gitMilkUITests;
			productReference = C38C101D2739A7ED0063EAEA /* gitMilkUITests.xctest */;
			productType = "com.apple.product-type.bundle.ui-testing";
		};
/* End PBXNativeTarget section */

/* Begin PBXProject section */
		C38C0FF52739A7EB0063EAEA /* Project object */ = {
			isa = PBXProject;
			attributes = {
				BuildIndependentTargetsInParallel = 1;
				LastSwiftUpdateCheck = 1310;
				LastUpgradeCheck = 1310;
				TargetAttributes = {
					C38C0FFC2739A7EB0063EAEA = {
						CreatedOnToolsVersion = 13.1;
					};
					C38C10122739A7ED0063EAEA = {
						CreatedOnToolsVersion = 13.1;
						TestTargetID = C38C0FFC2739A7EB0063EAEA;
					};
					C38C101C2739A7ED0063EAEA = {
						CreatedOnToolsVersion = 13.1;
						TestTargetID = C38C0FFC2739A7EB0063EAEA;
					};
				};
			};
			buildConfigurationList = C38C0FF82739A7EB0063EAEA /* Build configuration list for PBXProject "gitMilk" */;
			compatibilityVersion = "Xcode 13.0";
			developmentRegion = en;
			hasScannedForEncodings = 0;
			knownRegions = (
				en,
				Base,
			);
			mainGroup = C38C0FF42739A7EB0063EAEA;
			productRefGroup = C38C0FFE2739A7EB0063EAEA /* Products */;
			projectDirPath = "";
			projectRoot = "";
			targets = (
				C38C0FFC2739A7EB0063EAEA /* gitMilk */,
				C38C10122739A7ED0063EAEA /* gitMilkTests */,
				C38C101C2739A7ED0063EAEA /* gitMilkUITests */,
			);
		};
/* End PBXProject section */

/* Begin PBXResourcesBuildPhase section */
		C38C0FFB2739A7EB0063EAEA /* Resources */ = {
			isa = PBXResourcesBuildPhase;
			buildActionMask = 2147483647;
			files = (
				C38C100D2739A7ED0063EAEA /* LaunchScreen.storyboard in Resources */,
				C38C100A2739A7ED0063EAEA /* Assets.xcassets in Resources */,
				C38C10082739A7EB0063EAEA /* Main.storyboard in Resources */,
			);
			runOnlyForDeploymentPostprocessing = 0;
		};
		C38C10112739A7ED0063EAEA /* Resources */ = {
			isa = PBXResourcesBuildPhase;
			buildActionMask = 2147483647;
			files = (
			);
			runOnlyForDeploymentPostprocessing = 0;
		};
		C38C101B2739A7ED0063EAEA /* Resources */ = {
			isa = PBXResourcesBuildPhase;
			buildActionMask = 2147483647;
			files = (
			);
			runOnlyForDeploymentPostprocessing = 0;
		};
/* End PBXResourcesBuildPhase section */

/* Begin PBXSourcesBuildPhase section */
		C38C0FF92739A7EB0063EAEA /* Sources */ = {
			isa = PBXSourcesBuildPhase;
			buildActionMask = 2147483647;
			files = (
				C38C10052739A7EB0063EAEA /* ViewController.swift in Sources */,
				C38C10012739A7EB0063EAEA /* AppDelegate.swift in Sources */,
				C38C10032739A7EB0063EAEA /* SceneDelegate.swift in Sources */,
			);
			runOnlyForDeploymentPostprocessing = 0;
		};
		C38C100F2739A7ED0063EAEA /* Sources */ = {
			isa = PBXSourcesBuildPhase;
			buildActionMask = 2147483647;
			files = (
				C38C10182739A7ED0063EAEA /* gitMilkTests.swift in Sources */,
			);
			runOnlyForDeploymentPostprocessing = 0;
		};
		C38C10192739A7ED0063EAEA /* Sources */ = {
			isa = PBXSourcesBuildPhase;
			buildActionMask = 2147483647;
			files = (
				C38C10242739A7ED0063EAEA /* gitMilkUITestsLaunchTests.swift in Sources */,
				C38C10222739A7ED0063EAEA /* gitMilkUITests.swift in Sources */,
			);
			runOnlyForDeploymentPostprocessing = 0;
		};
/* End PBXSourcesBuildPhase section */

/* Begin PBXTargetDependency section */
		C38C10152739A7ED0063EAEA /* PBXTargetDependency */ = {
			isa = PBXTargetDependency;
			target = C38C0FFC2739A7EB0063EAEA /* gitMilk */;
			targetProxy = C38C10142739A7ED0063EAEA /* PBXContainerItemProxy */;
		};
		C38C101F2739A7ED0063EAEA /* PBXTargetDependency */ = {
			isa = PBXTargetDependency;
			target = C38C0FFC2739A7EB0063EAEA /* gitMilk */;
			targetProxy = C38C101E2739A7ED0063EAEA /* PBXContainerItemProxy */;
		};
/* End PBXTargetDependency section */

/* Begin PBXVariantGroup section */
		C38C10062739A7EB0063EAEA /* Main.storyboard */ = {
			isa = PBXVariantGroup;
			children = (
				C38C10072739A7EB0063EAEA /* Base */,
			);
			name = Main.storyboard;
			sourceTree = "<group>";
		};
		C38C100B2739A7ED0063EAEA /* LaunchScreen.storyboard */ = {
			isa = PBXVariantGroup;
			children = (
				C38C100C2739A7ED0063EAEA /* Base */,
			);
			name = LaunchScreen.storyboard;
			sourceTree = "<group>";
		};
/* End PBXVariantGroup section */

/* Begin XCBuildConfiguration section */
		C38C10252739A7ED0063EAEA /* Debug */ = {
			isa = XCBuildConfiguration;
			buildSettings = {
				ALWAYS_SEARCH_USER_PATHS = NO;
				CLANG_ANALYZER_NONNULL = YES;
				CLANG_ANALYZER_NUMBER_OBJECT_CONVERSION = YES_AGGRESSIVE;
				CLANG_CXX_LANGUAGE_STANDARD = "gnu++17";
				CLANG_CXX_LIBRARY = "libc++";
				CLANG_ENABLE_MODULES = YES;
				CLANG_ENABLE_OBJC_ARC = YES;
				CLANG_ENABLE_OBJC_WEAK = YES;
				CLANG_WARN_BLOCK_CAPTURE_AUTORELEASING = YES;
				CLANG_WARN_BOOL_CONVERSION = YES;
				CLANG_WARN_COMMA = YES;
				CLANG_WARN_CONSTANT_CONVERSION = YES;
				CLANG_WARN_DEPRECATED_OBJC_IMPLEMENTATIONS = YES;
				CLANG_WARN_DIRECT_OBJC_ISA_USAGE = YES_ERROR;
				CLANG_WARN_DOCUMENTATION_COMMENTS = YES;
				CLANG_WARN_EMPTY_BODY = YES;
				CLANG_WARN_ENUM_CONVERSION = YES;
				CLANG_WARN_INFINITE_RECURSION = YES;
				CLANG_WARN_INT_CONVERSION = YES;
				CLANG_WARN_NON_LITERAL_NULL_CONVERSION = YES;
				CLANG_WARN_OBJC_IMPLICIT_RETAIN_SELF = YES;
				CLANG_WARN_OBJC_LITERAL_CONVERSION = YES;
				CLANG_WARN_OBJC_ROOT_CLASS = YES_ERROR;
				CLANG_WARN_QUOTED_INCLUDE_IN_FRAMEWORK_HEADER = YES;
				CLANG_WARN_RANGE_LOOP_ANALYSIS = YES;
				CLANG_WARN_STRICT_PROTOTYPES = YES;
				CLANG_WARN_SUSPICIOUS_MOVE = YES;
				CLANG_WARN_UNGUARDED_AVAILABILITY = YES_AGGRESSIVE;
				CLANG_WARN_UNREACHABLE_CODE = YES;
				CLANG_WARN__DUPLICATE_METHOD_MATCH = YES;
				COPY_PHASE_STRIP = NO;
				DEBUG_INFORMATION_FORMAT = dwarf;
				ENABLE_STRICT_OBJC_MSGSEND = YES;
				ENABLE_TESTABILITY = YES;
				GCC_C_LANGUAGE_STANDARD = gnu11;
				GCC_DYNAMIC_NO_PIC = NO;
				GCC_NO_COMMON_BLOCKS = YES;
				GCC_OPTIMIZATION_LEVEL = 0;
				GCC_PREPROCESSOR_DEFINITIONS = (
					"DEBUG=1",
					"$(inherited)",
				);
				GCC_WARN_64_TO_32_BIT_CONVERSION = YES;
				GCC_WARN_ABOUT_RETURN_TYPE = YES_ERROR;
				GCC_WARN_UNDECLARED_SELECTOR = YES;
				GCC_WARN_UNINITIALIZED_AUTOS = YES_AGGRESSIVE;
				GCC_WARN_UNUSED_FUNCTION = YES;
				GCC_WARN_UNUSED_VARIABLE = YES;
				IPHONEOS_DEPLOYMENT_TARGET = 15.0;
				MTL_ENABLE_DEBUG_INFO = INCLUDE_SOURCE;
				MTL_FAST_MATH = YES;
				ONLY_ACTIVE_ARCH = YES;
				SDKROOT = iphoneos;
				SWIFT_ACTIVE_COMPILATION_CONDITIONS = DEBUG;
				SWIFT_OPTIMIZATION_LEVEL = "-Onone";
			};
			name = Debug;
		};
		C38C10262739A7ED0063EAEA /* Release */ = {
			isa = XCBuildConfiguration;
			buildSettings = {
				ALWAYS_SEARCH_USER_PATHS = NO;
				CLANG_ANALYZER_NONNULL = YES;
				CLANG_ANALYZER_NUMBER_OBJECT_CONVERSION = YES_AGGRESSIVE;
				CLANG_CXX_LANGUAGE_STANDARD = "gnu++17";
				CLANG_CXX_LIBRARY = "libc++";
				CLANG_ENABLE_MODULES = YES;
				CLANG_ENABLE_OBJC_ARC = YES;
				CLANG_ENABLE_OBJC_WEAK = YES;
				CLANG_WARN_BLOCK_CAPTURE_AUTORELEASING = YES;
				CLANG_WARN_BOOL_CONVERSION = YES;
				CLANG_WARN_COMMA = YES;
				CLANG_WARN_CONSTANT_CONVERSION = YES;
				CLANG_WARN_DEPRECATED_OBJC_IMPLEMENTATIONS = YES;
				CLANG_WARN_DIRECT_OBJC_ISA_USAGE = YES_ERROR;
				CLANG_WARN_DOCUMENTATION_COMMENTS = YES;
				CLANG_WARN_EMPTY_BODY = YES;
				CLANG_WARN_ENUM_CONVERSION = YES;
				CLANG_WARN_INFINITE_RECURSION = YES;
				CLANG_WARN_INT_CONVERSION = YES;
				CLANG_WARN_NON_LITERAL_NULL_CONVERSION = YES;
				CLANG_WARN_OBJC_IMPLICIT_RETAIN_SELF = YES;
				CLANG_WARN_OBJC_LITERAL_CONVERSION = YES;
				CLANG_WARN_OBJC_ROOT_CLASS = YES_ERROR;
				CLANG_WARN_QUOTED_INCLUDE_IN_FRAMEWORK_HEADER = YES;
				CLANG_WARN_RANGE_LOOP_ANALYSIS = YES;
				CLANG_WARN_STRICT_PROTOTYPES = YES;
				CLANG_WARN_SUSPICIOUS_MOVE = YES;
				CLANG_WARN_UNGUARDED_AVAILABILITY = YES_AGGRESSIVE;
				CLANG_WARN_UNREACHABLE_CODE = YES;
				CLANG_WARN__DUPLICATE_METHOD_MATCH = YES;
				COPY_PHASE_STRIP = NO;
				DEBUG_INFORMATION_FORMAT = "dwarf-with-dsym";
				ENABLE_NS_ASSERTIONS = NO;
				ENABLE_STRICT_OBJC_MSGSEND = YES;
				GCC_C_LANGUAGE_STANDARD = gnu11;
				GCC_NO_COMMON_BLOCKS = YES;
				GCC_WARN_64_TO_32_BIT_CONVERSION = YES;
				GCC_WARN_ABOUT_RETURN_TYPE = YES_ERROR;
				GCC_WARN_UNDECLARED_SELECTOR = YES;
				GCC_WARN_UNINITIALIZED_AUTOS = YES_AGGRESSIVE;
				GCC_WARN_UNUSED_FUNCTION = YES;
				GCC_WARN_UNUSED_VARIABLE = YES;
				IPHONEOS_DEPLOYMENT_TARGET = 15.0;
				MTL_ENABLE_DEBUG_INFO = NO;
				MTL_FAST_MATH = YES;
				SDKROOT = iphoneos;
				SWIFT_COMPILATION_MODE = wholemodule;
				SWIFT_OPTIMIZATION_LEVEL = "-O";
				VALIDATE_PRODUCT = YES;
			};
			name = Release;
		};
		C38C10282739A7ED0063EAEA /* Debug */ = {
			isa = XCBuildConfiguration;
			buildSettings = {
				ASSETCATALOG_COMPILER_APPICON_NAME = AppIcon;
				ASSETCATALOG_COMPILER_GLOBAL_ACCENT_COLOR_NAME = AccentColor;
				CODE_SIGN_STYLE = Automatic;
				CURRENT_PROJECT_VERSION = 1;
				GENERATE_INFOPLIST_FILE = YES;
				INFOPLIST_FILE = gitMilk/Info.plist;
				INFOPLIST_KEY_UIApplicationSupportsIndirectInputEvents = YES;
				INFOPLIST_KEY_UILaunchStoryboardName = LaunchScreen;
				INFOPLIST_KEY_UIMainStoryboardFile = Main;
				INFOPLIST_KEY_UISupportedInterfaceOrientations_iPad = "UIInterfaceOrientationPortrait UIInterfaceOrientationPortraitUpsideDown UIInterfaceOrientationLandscapeLeft UIInterfaceOrientationLandscapeRight";
				INFOPLIST_KEY_UISupportedInterfaceOrientations_iPhone = "UIInterfaceOrientationPortrait UIInterfaceOrientationLandscapeLeft UIInterfaceOrientationLandscapeRight";
				LD_RUNPATH_SEARCH_PATHS = (
					"$(inherited)",
					"@executable_path/Frameworks",
				);
				MARKETING_VERSION = 1.0;
				PRODUCT_BUNDLE_IDENTIFIER = eanstep.gitMilk;
				PRODUCT_NAME = "$(TARGET_NAME)";
				SWIFT_EMIT_LOC_STRINGS = YES;
				SWIFT_VERSION = 5.0;
				TARGETED_DEVICE_FAMILY = "1,2";
			};
			name = Debug;
		};
		C38C10292739A7ED0063EAEA /* Release */ = {
			isa = XCBuildConfiguration;
			buildSettings = {
				ASSETCATALOG_COMPILER_APPICON_NAME = AppIcon;
				ASSETCATALOG_COMPILER_GLOBAL_ACCENT_COLOR_NAME = AccentColor;
				CODE_SIGN_STYLE = Automatic;
				CURRENT_PROJECT_VERSION = 1;
				GENERATE_INFOPLIST_FILE = YES;
				INFOPLIST_FILE = gitMilk/Info.plist;
				INFOPLIST_KEY_UIApplicationSupportsIndirectInputEvents = YES;
				INFOPLIST_KEY_UILaunchStoryboardName = LaunchScreen;
				INFOPLIST_KEY_UIMainStoryboardFile = Main;
				INFOPLIST_KEY_UISupportedInterfaceOrientations_iPad = "UIInterfaceOrientationPortrait UIInterfaceOrientationPortraitUpsideDown UIInterfaceOrientationLandscapeLeft UIInterfaceOrientationLandscapeRight";
				INFOPLIST_KEY_UISupportedInterfaceOrientations_iPhone = "UIInterfaceOrientationPortrait UIInterfaceOrientationLandscapeLeft UIInterfaceOrientationLandscapeRight";
				LD_RUNPATH_SEARCH_PATHS = (
					"$(inherited)",
					"@executable_path/Frameworks",
				);
				MARKETING_VERSION = 1.0;
				PRODUCT_BUNDLE_IDENTIFIER = eanstep.gitMilk;
				PRODUCT_NAME = "$(TARGET_NAME)";
				SWIFT_EMIT_LOC_STRINGS = YES;
				SWIFT_VERSION = 5.0;
				TARGETED_DEVICE_FAMILY = "1,2";
			};
			name = Release;
		};
		C38C102B2739A7ED0063EAEA /* Debug */ = {
			isa = XCBuildConfiguration;
			buildSettings = {
				ALWAYS_EMBED_SWIFT_STANDARD_LIBRARIES = YES;
				BUNDLE_LOADER = "$(TEST_HOST)";
				CODE_SIGN_STYLE = Automatic;
				CURRENT_PROJECT_VERSION = 1;
				GENERATE_INFOPLIST_FILE = YES;
				IPHONEOS_DEPLOYMENT_TARGET = 15.0;
				LD_RUNPATH_SEARCH_PATHS = (
					"$(inherited)",
					"@executable_path/Frameworks",
					"@loader_path/Frameworks",
				);
				MARKETING_VERSION = 1.0;
				PRODUCT_BUNDLE_IDENTIFIER = eanstep.gitMilkTests;
				PRODUCT_NAME = "$(TARGET_NAME)";
				SWIFT_EMIT_LOC_STRINGS = NO;
				SWIFT_VERSION = 5.0;
				TARGETED_DEVICE_FAMILY = "1,2";
				TEST_HOST = "$(BUILT_PRODUCTS_DIR)/gitMilk.app/gitMilk";
			};
			name = Debug;
		};
		C38C102C2739A7ED0063EAEA /* Release */ = {
			isa = XCBuildConfiguration;
			buildSettings = {
				ALWAYS_EMBED_SWIFT_STANDARD_LIBRARIES = YES;
				BUNDLE_LOADER = "$(TEST_HOST)";
				CODE_SIGN_STYLE = Automatic;
				CURRENT_PROJECT_VERSION = 1;
				GENERATE_INFOPLIST_FILE = YES;
				IPHONEOS_DEPLOYMENT_TARGET = 15.0;
				LD_RUNPATH_SEARCH_PATHS = (
					"$(inherited)",
					"@executable_path/Frameworks",
					"@loader_path/Frameworks",
				);
				MARKETING_VERSION = 1.0;
				PRODUCT_BUNDLE_IDENTIFIER = eanstep.gitMilkTests;
				PRODUCT_NAME = "$(TARGET_NAME)";
				SWIFT_EMIT_LOC_STRINGS = NO;
				SWIFT_VERSION = 5.0;
				TARGETED_DEVICE_FAMILY = "1,2";
				TEST_HOST = "$(BUILT_PRODUCTS_DIR)/gitMilk.app/gitMilk";
			};
			name = Release;
		};
		C38C102E2739A7ED0063EAEA /* Debug */ = {
			isa = XCBuildConfiguration;
			buildSettings = {
				ALWAYS_EMBED_SWIFT_STANDARD_LIBRARIES = YES;
				CODE_SIGN_STYLE = Automatic;
				CURRENT_PROJECT_VERSION = 1;
				GENERATE_INFOPLIST_FILE = YES;
				LD_RUNPATH_SEARCH_PATHS = (
					"$(inherited)",
					"@executable_path/Frameworks",
					"@loader_path/Frameworks",
				);
				MARKETING_VERSION = 1.0;
				PRODUCT_BUNDLE_IDENTIFIER = eanstep.gitMilkUITests;
				PRODUCT_NAME = "$(TARGET_NAME)";
				SWIFT_EMIT_LOC_STRINGS = NO;
				SWIFT_VERSION = 5.0;
				TARGETED_DEVICE_FAMILY = "1,2";
				TEST_TARGET_NAME = gitMilk;
			};
			name = Debug;
		};
		C38C102F2739A7ED0063EAEA /* Release */ = {
			isa = XCBuildConfiguration;
			buildSettings = {
				ALWAYS_EMBED_SWIFT_STANDARD_LIBRARIES = YES;
				CODE_SIGN_STYLE = Automatic;
				CURRENT_PROJECT_VERSION = 1;
				GENERATE_INFOPLIST_FILE = YES;
				LD_RUNPATH_SEARCH_PATHS = (
					"$(inherited)",
					"@executable_path/Frameworks",
					"@loader_path/Frameworks",
				);
				MARKETING_VERSION = 1.0;
				PRODUCT_BUNDLE_IDENTIFIER = eanstep.gitMilkUITests;
				PRODUCT_NAME = "$(TARGET_NAME)";
				SWIFT_EMIT_LOC_STRINGS = NO;
				SWIFT_VERSION = 5.0;
				TARGETED_DEVICE_FAMILY = "1,2";
				TEST_TARGET_NAME = gitMilk;
			};
			name = Release;
		};
/* End XCBuildConfiguration section */

/* Begin XCConfigurationList section */
		C38C0FF82739A7EB0063EAEA /* Build configuration list for PBXProject "gitMilk" */ = {
			isa = XCConfigurationList;
			buildConfigurations = (
				C38C10252739A7ED0063EAEA /* Debug */,
				C38C10262739A7ED0063EAEA /* Release */,
			);
			defaultConfigurationIsVisible = 0;
			defaultConfigurationName = Release;
		};
		C38C10272739A7ED0063EAEA /* Build configuration list for PBXNativeTarget "gitMilk" */ = {
			isa = XCConfigurationList;
			buildConfigurations = (
				C38C10282739A7ED0063EAEA /* Debug */,
				C38C10292739A7ED0063EAEA /* Release */,
			);
			defaultConfigurationIsVisible = 0;
			defaultConfigurationName = Release;
		};
		C38C102A2739A7ED0063EAEA /* Build configuration list for PBXNativeTarget "gitMilkTests" */ = {
			isa = XCConfigurationList;
			buildConfigurations = (
				C38C102B2739A7ED0063EAEA /* Debug */,
				C38C102C2739A7ED0063EAEA /* Release */,
			);
			defaultConfigurationIsVisible = 0;
			defaultConfigurationName = Release;
		};
		C38C102D2739A7ED0063EAEA /* Build configuration list for PBXNativeTarget "gitMilkUITests" */ = {
			isa = XCConfigurationList;
			buildConfigurations = (
				C38C102E2739A7ED0063EAEA /* Debug */,
				C38C102F2739A7ED0063EAEA /* Release */,
			);
			defaultConfigurationIsVisible = 0;
			defaultConfigurationName = Release;
		};
/* End XCConfigurationList section */
	};
	rootObject = C38C0FF52739A7EB0063EAEA /* Project object */;
}
